
Microsoft Visual Studio Solution File, Format Version 12.00
# Visual Studio Version 17
VisualStudioVersion = 17.11.35222.181
MinimumVisualStudioVersion = 10.0.40219.1
Project("{FAE04EC0-301F-11D3-BF4B-00C04F79EFBC}") = "AngularApptDuha.Server", "AngularApptDuha.Server\AngularApptDuha.Server.csproj", "{B78C0346-B38F-42E7-93F7-02A82B7533CF}"
EndProject
Project("{54A90642-561A-4BB1-A94E-469ADEE60C69}") = "angularapptduha.client", "angularapptduha.client\angularapptduha.client.esproj", "{C6E383B5-2F20-42E8-A85D-591BA1F2A62C}"
EndProject
Global
	GlobalSection(SolutionConfigurationPlatforms) = preSolution
		Debug|Any CPU = Debug|Any CPU
		Release|Any CPU = Release|Any CPU
	EndGlobalSection
	GlobalSection(ProjectConfigurationPlatforms) = postSolution
		{B78C0346-B38F-42E7-93F7-02A82B7533CF}.Debug|Any CPU.ActiveCfg = Debug|Any CPU
		{B78C0346-B38F-42E7-93F7-02A82B7533CF}.Debug|Any CPU.Build.0 = Debug|Any CPU
		{B78C0346-B38F-42E7-93F7-02A82B7533CF}.Release|Any CPU.ActiveCfg = Release|Any CPU
		{B78C0346-B38F-42E7-93F7-02A82B7533CF}.Release|Any CPU.Build.0 = Release|Any CPU
		{C6E383B5-2F20-42E8-A85D-591BA1F2A62C}.Debug|Any CPU.ActiveCfg = Debug|Any CPU
		{C6E383B5-2F20-42E8-A85D-591BA1F2A62C}.Debug|Any CPU.Build.0 = Debug|Any CPU
		{C6E383B5-2F20-42E8-A85D-591BA1F2A62C}.Debug|Any CPU.Deploy.0 = Debug|Any CPU
		{C6E383B5-2F20-42E8-A85D-591BA1F2A62C}.Release|Any CPU.ActiveCfg = Release|Any CPU
		{C6E383B5-2F20-42E8-A85D-591BA1F2A62C}.Release|Any CPU.Build.0 = Release|Any CPU
		{C6E383B5-2F20-42E8-A85D-591BA1F2A62C}.Release|Any CPU.Deploy.0 = Release|Any CPU
	EndGlobalSection
	GlobalSection(SolutionProperties) = preSolution
		HideSolutionNode = FALSE
	EndGlobalSection
	GlobalSection(ExtensibilityGlobals) = postSolution
		SolutionGuid = {65FE50F2-1A89-4661-B753-5649092FA20F}
	EndGlobalSection
EndGlobal
